{
  "originHash" : "10b7b97bab2bf68a9e2a43b40892cf9abee44bef69bac8826cd527ca7558c0c6",
  "pins" : [
    {
      "identity" : "can-proceed",
      "kind" : "remoteSourceControl",
      "location" : "https://github.com/ptsochantaris/can-proceed",
      "state" : {
        "branch" : "main",
        "revision" : "65e95d53c3c0cc57afca47f25ed979229d22cfd2"
      }
    },
    {
      "identity" : "htmlstring",
      "kind" : "remoteSourceControl",
      "location" : "https://github.com/alexisakers/HTMLString",
      "state" : {
        "revision" : "04613a3b0f40a91e554b5174c0a10657f1a26357",
        "version" : "6.0.1"
      }
    },
    {
      "identity" : "lista",
      "kind" : "remoteSourceControl",
      "location" : "https://github.com/ptsochantaris/lista",
      "state" : {
        "branch" : "main",
        "revision" : "56e6a46113f48e5db6b76997ec2c828f14df52d7"
      }
    },
    {
      "identity" : "maintini",
      "kind" : "remoteSourceControl",
      "location" : "https://github.com/ptsochantaris/maintini",
      "state" : {
        "branch" : "main",
        "revision" : "8bd0561de051c224c0d48a981916f411907be731"
      }
    },
    {
      "identity" : "pop-timer",
      "kind" : "remoteSourceControl",
      "location" : "https://github.com/ptsochantaris/pop-timer",
      "state" : {
        "branch" : "main",
        "revision" : "f1267d84a18f4dbdd97875949659226eb770318d"
      }
    },
    {
      "identity" : "semalot",
      "kind" : "remoteSourceControl",
      "location" : "https://github.com/ptsochantaris/semalot",
      "state" : {
        "branch" : "main",
        "revision" : "c447f306834752de8ff0d3f49509026af1ad37f5"
      }
    },
    {
      "identity" : "swift-algorithms",
      "kind" : "remoteSourceControl",
      "location" : "https://github.com/apple/swift-algorithms.git",
      "state" : {
        "revision" : "87e50f483c54e6efd60e885f7f5aa946cee68023",
        "version" : "1.2.1"
      }
    },
    {
      "identity" : "swift-collections",
      "kind" : "remoteSourceControl",
      "location" : "https://github.com/apple/swift-collections.git",
      "state" : {
        "revision" : "a0cb0954ecb21e4e31b0070e6ed5674e8556685a",
        "version" : "1.6.0"
      }
    },
    {
      "identity" : "swift-numerics",
      "kind" : "remoteSourceControl",
      "location" : "https://github.com/apple/swift-numerics.git",
      "state" : {
        "revision" : "0c0290ff6b24942dadb83a929ffaaa1481df04a2",
        "version" : "1.1.1"
      }
    },
    {
      "identity" : "swiftsoup",
      "kind" : "remoteSourceControl",
      "location" : "https://github.com/scinfu/SwiftSoup",
      "state" : {
        "revision" : "49dcadd93161f4a44b4994d3a3e8de9f085aface",
        "version" : "2.13.5"
      }
    }
  ],
  "version" : 3
}
