// !$*UTF8*$!
{
	archiveVersion = 1;
	classes = {
	};
	objectVersion = 56;
	objects = {

/* Begin PBXBuildFile section */
		161992662B038066006D911F /* Formatters.swift in Sources */ = {isa = PBXBuildFile; fileRef = 161992652B038066006D911F /* Formatters.swift */; };
		161992682B03DB97006D911F /* BlockList.swift in Sources */ = {isa = PBXBuildFile; fileRef = 161992672B03DB97006D911F /* BlockList.swift */; };
		1634CF952AC365800022A8F6 /* Storage.swift in Sources */ = {isa = PBXBuildFile; fileRef = 1634CF942AC365800022A8F6 /* Storage.swift */; };
		1634CF972AC365D90022A8F6 /* Domain.swift in Sources */ = {isa = PBXBuildFile; fileRef = 1634CF962AC365D90022A8F6 /* Domain.swift */; };
		1634CF9B2AC366D90022A8F6 /* Globals.swift in Sources */ = {isa = PBXBuildFile; fileRef = 1634CF9A2AC366D90022A8F6 /* Globals.swift */; };
		1634CF9D2AC367760022A8F6 /* BlooCore.swift in Sources */ = {isa = PBXBuildFile; fileRef = 1634CF9C2AC367760022A8F6 /* BlooCore.swift */; };
		163AE30C2CD6D85A00AE6DA9 /* TrackingHeightModifier.swift in Sources */ = {isa = PBXBuildFile; fileRef = 163AE30B2CD6D85800AE6DA9 /* TrackingHeightModifier.swift */; };
		163C45F42ACF610C00103BEA /* Engine.swift in Sources */ = {isa = PBXBuildFile; fileRef = 163C45F32ACF610C00103BEA /* Engine.swift */; };
		1644180E2C752A2F00183EE1 /* SQLite in Frameworks */ = {isa = PBXBuildFile; productRef = 1644180D2C752A2F00183EE1 /* SQLite */; };
		164418142C752A6700183EE1 /* Collections in Frameworks */ = {isa = PBXBuildFile; productRef = 164418132C752A6700183EE1 /* Collections */; };
		164418172C752A8100183EE1 /* Algorithms in Frameworks */ = {isa = PBXBuildFile; productRef = 164418162C752A8100183EE1 /* Algorithms */; };
		165091102C71132B0003BFAB /* CanProceed in Frameworks */ = {isa = PBXBuildFile; productRef = 1650910F2C71132B0003BFAB /* CanProceed */; };
		165091122C7113E40003BFAB /* RobotEditor.swift in Sources */ = {isa = PBXBuildFile; fileRef = 165091112C7113DE0003BFAB /* RobotEditor.swift */; };
		1657AACA2AE4298500503669 /* DB.swift in Sources */ = {isa = PBXBuildFile; fileRef = 1657AAC92AE4298500503669 /* DB.swift */; };
		165F10C02AC87C4600442892 /* SitemapParser.swift in Sources */ = {isa = PBXBuildFile; fileRef = 165F10BF2AC87C4600442892 /* SitemapParser.swift */; };
		165F10C22AC8802400442892 /* IndexEntry.swift in Sources */ = {isa = PBXBuildFile; fileRef = 165F10C12AC8802400442892 /* IndexEntry.swift */; };
		165F10C42AC8803C00442892 /* Result.swift in Sources */ = {isa = PBXBuildFile; fileRef = 165F10C32AC8803C00442892 /* Result.swift */; };
		165F10C62AC880DC00442892 /* DomainSection.swift in Sources */ = {isa = PBXBuildFile; fileRef = 165F10C52AC880DC00442892 /* DomainSection.swift */; };
		165F10C82AC8810D00442892 /* EngineState.swift in Sources */ = {isa = PBXBuildFile; fileRef = 165F10C72AC8810D00442892 /* EngineState.swift */; };
		1697539F2ACA350B00C2281D /* Snapshot.swift in Sources */ = {isa = PBXBuildFile; fileRef = 1697539E2ACA350B00C2281D /* Snapshot.swift */; };
		16ACD37E2AF979BF00993099 /* Crawler.swift in Sources */ = {isa = PBXBuildFile; fileRef = 16ACD37D2AF979BF00993099 /* Crawler.swift */; };
		16B43D252AC7B05D00EB4815 /* README.md in Resources */ = {isa = PBXBuildFile; fileRef = 16B43D232AC7B05D00EB4815 /* README.md */; };
		16B43D262AC7B05D00EB4815 /* LICENSE in Resources */ = {isa = PBXBuildFile; fileRef = 16B43D242AC7B05D00EB4815 /* LICENSE */; };
		16B43D2C2AC8548200EB4815 /* UIImage+Extensions.swift in Sources */ = {isa = PBXBuildFile; fileRef = 16B43D2B2AC8548200EB4815 /* UIImage+Extensions.swift */; };
		16B43D2E2AC8D8ED00EB4815 /* DomainState.swift in Sources */ = {isa = PBXBuildFile; fileRef = 16B43D2D2AC8D8ED00EB4815 /* DomainState.swift */; };
		16B67CEC2AD41FA400366266 /* Search.swift in Sources */ = {isa = PBXBuildFile; fileRef = 16B67CEB2AD41FA400366266 /* Search.swift */; };
		16B67CF22AD4227800366266 /* UserDefault.swift in Sources */ = {isa = PBXBuildFile; fileRef = 16B67CF12AD4227800366266 /* UserDefault.swift */; };
		16B67CF42AD4229400366266 /* Settings.swift in Sources */ = {isa = PBXBuildFile; fileRef = 16B67CF32AD4229400366266 /* Settings.swift */; };
		16B67CF62AD422D900366266 /* Log.swift in Sources */ = {isa = PBXBuildFile; fileRef = 16B67CF52AD422D900366266 /* Log.swift */; };
		16B67CF82AD422F300366266 /* Collection.swift in Sources */ = {isa = PBXBuildFile; fileRef = 16B67CF72AD422F300366266 /* Collection.swift */; };
		16BCEBDD2E3FE46F00E21E4B /* Admin.swift in Sources */ = {isa = PBXBuildFile; fileRef = 16BCEBDC2E3FE46F00E21E4B /* Admin.swift */; };
		16BCEBE12E3FE4A000E21E4B /* ModelStateFeedback.swift in Sources */ = {isa = PBXBuildFile; fileRef = 16BCEBE02E3FE4A000E21E4B /* ModelStateFeedback.swift */; };
		16BCEBE32E3FE4B200E21E4B /* OverlayMessage.swift in Sources */ = {isa = PBXBuildFile; fileRef = 16BCEBE22E3FE4B200E21E4B /* OverlayMessage.swift */; };
		16BCEBE52E3FE4C900E21E4B /* AdditionSection.swift in Sources */ = {isa = PBXBuildFile; fileRef = 16BCEBE42E3FE4C900E21E4B /* AdditionSection.swift */; };
		16BCEBE72E3FE4DE00E21E4B /* StatusIcon.swift in Sources */ = {isa = PBXBuildFile; fileRef = 16BCEBE62E3FE4DE00E21E4B /* StatusIcon.swift */; };
		16BCEBE92E3FE4F500E21E4B /* SearchSection.swift in Sources */ = {isa = PBXBuildFile; fileRef = 16BCEBE82E3FE4F500E21E4B /* SearchSection.swift */; };
		16BCEBEB2E3FE50A00E21E4B /* SearchResults.swift in Sources */ = {isa = PBXBuildFile; fileRef = 16BCEBEA2E3FE50A00E21E4B /* SearchResults.swift */; };
		16BCEBED2E3FE51E00E21E4B /* DomainGrid.swift in Sources */ = {isa = PBXBuildFile; fileRef = 16BCEBEC2E3FE51E00E21E4B /* DomainGrid.swift */; };
		16BCEBEF2E3FE53300E21E4B /* DomainSectionHeader.swift in Sources */ = {isa = PBXBuildFile; fileRef = 16BCEBEE2E3FE53300E21E4B /* DomainSectionHeader.swift */; };
		16BCEBF12E3FE54E00E21E4B /* FilterField.swift in Sources */ = {isa = PBXBuildFile; fileRef = 16BCEBF02E3FE54E00E21E4B /* FilterField.swift */; };
		16BCEBF32E3FE56200E21E4B /* AdditionRow.swift in Sources */ = {isa = PBXBuildFile; fileRef = 16BCEBF22E3FE56200E21E4B /* AdditionRow.swift */; };
		16BCEBF52E3FE57800E21E4B /* ResultRow.swift in Sources */ = {isa = PBXBuildFile; fileRef = 16BCEBF42E3FE57800E21E4B /* ResultRow.swift */; };
		16BCEBF72E3FE58E00E21E4B /* DomainRow.swift in Sources */ = {isa = PBXBuildFile; fileRef = 16BCEBF62E3FE58E00E21E4B /* DomainRow.swift */; };
		16BCEBF92E3FE5A200E21E4B /* Counter.swift in Sources */ = {isa = PBXBuildFile; fileRef = 16BCEBF82E3FE5A200E21E4B /* Counter.swift */; };
		16BCEBFB2E3FE5B700E21E4B /* DomainContextMenu.swift in Sources */ = {isa = PBXBuildFile; fileRef = 16BCEBFA2E3FE5B700E21E4B /* DomainContextMenu.swift */; };
		16BCEBFD2E3FE5CA00E21E4B /* DomainTitle.swift in Sources */ = {isa = PBXBuildFile; fileRef = 16BCEBFC2E3FE5CA00E21E4B /* DomainTitle.swift */; };
		16BCEBFF2E3FE5DD00E21E4B /* FooterText.swift in Sources */ = {isa = PBXBuildFile; fileRef = 16BCEBFE2E3FE5DD00E21E4B /* FooterText.swift */; };
		16BCEC012E3FE65A00E21E4B /* Constants.swift in Sources */ = {isa = PBXBuildFile; fileRef = 16BCEC002E3FE65A00E21E4B /* Constants.swift */; };
		16BCEC032E3FE7E700E21E4B /* LogView.swift in Sources */ = {isa = PBXBuildFile; fileRef = 16BCEC022E3FE7E700E21E4B /* LogView.swift */; };
		16BD524C2B27F87800529462 /* Lista in Frameworks */ = {isa = PBXBuildFile; productRef = 16BD524B2B27F87800529462 /* Lista */; };
		16BD524F2B27F89000529462 /* Semalot in Frameworks */ = {isa = PBXBuildFile; productRef = 16BD524E2B27F89000529462 /* Semalot */; };
		16E3EF5B2AD0881D00CF9B80 /* HTTP.swift in Sources */ = {isa = PBXBuildFile; fileRef = 16E3EF5A2AD0881D00CF9B80 /* HTTP.swift */; };
		16E8A0E82AC1F96500CCB10D /* BlooApp.swift in Sources */ = {isa = PBXBuildFile; fileRef = 16E8A0E72AC1F96500CCB10D /* BlooApp.swift */; };
		16E8A0EA2AC1F96500CCB10D /* ContentView.swift in Sources */ = {isa = PBXBuildFile; fileRef = 16E8A0E92AC1F96500CCB10D /* ContentView.swift */; };
		16E8A0EC2AC1F96600CCB10D /* Assets.xcassets in Resources */ = {isa = PBXBuildFile; fileRef = 16E8A0EB2AC1F96600CCB10D /* Assets.xcassets */; };
		16E8A0F82AC1F9B500CCB10D /* SwiftSoup in Frameworks */ = {isa = PBXBuildFile; productRef = 16E8A0F72AC1F9B500CCB10D /* SwiftSoup */; };
		16F8D1D92AE92E530005A01D /* HTMLString in Frameworks */ = {isa = PBXBuildFile; productRef = 16F8D1D82AE92E530005A01D /* HTMLString */; };
		16FD23352AC3A5A600751A85 /* Maintini in Frameworks */ = {isa = PBXBuildFile; productRef = 16FD23342AC3A5A600751A85 /* Maintini */; };
		16FD23382AC43D0F00751A85 /* PopTimer in Frameworks */ = {isa = PBXBuildFile; productRef = 16FD23372AC43D0F00751A85 /* PopTimer */; };
		16FD233A2AC4867D00751A85 /* NSImage+Extensions.swift in Sources */ = {isa = PBXBuildFile; fileRef = 16FD23392AC4867D00751A85 /* NSImage+Extensions.swift */; };
		16FD233C2AC5CD1600751A85 /* String+Extensions.swift in Sources */ = {isa = PBXBuildFile; fileRef = 16FD233B2AC5CD1600751A85 /* String+Extensions.swift */; };
		16FD233E2AC5CD3600751A85 /* URL+Extensions.swift in Sources */ = {isa = PBXBuildFile; fileRef = 16FD233D2AC5CD3600751A85 /* URL+Extensions.swift */; };
		16FD23402AC5CD9600751A85 /* SwiftSoup+Extensions.swift in Sources */ = {isa = PBXBuildFile; fileRef = 16FD233F2AC5CD9600751A85 /* SwiftSoup+Extensions.swift */; };
		16FDB0FF2ADB450B003A4BBD /* TableWrapper.swift in Sources */ = {isa = PBXBuildFile; fileRef = 16FDB0FE2ADB450B003A4BBD /* TableWrapper.swift */; };
/* End PBXBuildFile section */

/* Begin PBXFileReference section */
		161992652B038066006D911F /* Formatters.swift */ = {isa = PBXFileReference; lastKnownFileType = sourcecode.swift; path = Formatters.swift; sourceTree = "<group>"; };
		161992672B03DB97006D911F /* BlockList.swift */ = {isa = PBXFileReference; lastKnownFileType = sourcecode.swift; path = BlockList.swift; sourceTree = "<group>"; };
		1634CF942AC365800022A8F6 /* Storage.swift */ = {isa = PBXFileReference; lastKnownFileType = sourcecode.swift; path = Storage.swift; sourceTree = "<group>"; };
		1634CF962AC365D90022A8F6 /* Domain.swift */ = {isa = PBXFileReference; lastKnownFileType = sourcecode.swift; path = Domain.swift; sourceTree = "<group>"; };
		1634CF9A2AC366D90022A8F6 /* Globals.swift */ = {isa = PBXFileReference; lastKnownFileType = sourcecode.swift; path = Globals.swift; sourceTree = "<group>"; };
		1634CF9C2AC367760022A8F6 /* BlooCore.swift */ = {isa = PBXFileReference; lastKnownFileType = sourcecode.swift; path = BlooCore.swift; sourceTree = "<group>"; };
		163AE30B2CD6D85800AE6DA9 /* TrackingHeightModifier.swift */ = {isa = PBXFileReference; lastKnownFileType = sourcecode.swift; path = TrackingHeightModifier.swift; sourceTree = "<group>"; };
		163C45F32ACF610C00103BEA /* Engine.swift */ = {isa = PBXFileReference; lastKnownFileType = sourcecode.swift; path = Engine.swift; sourceTree = "<group>"; };
		165091112C7113DE0003BFAB /* RobotEditor.swift */ = {isa = PBXFileReference; lastKnownFileType = sourcecode.swift; path = RobotEditor.swift; sourceTree = "<group>"; };
		1657AAC92AE4298500503669 /* DB.swift */ = {isa = PBXFileReference; lastKnownFileType = sourcecode.swift; path = DB.swift; sourceTree = "<group>"; };
		165F10BF2AC87C4600442892 /* SitemapParser.swift */ = {isa = PBXFileReference; lastKnownFileType = sourcecode.swift; path = SitemapParser.swift; sourceTree = "<group>"; };
		165F10C12AC8802400442892 /* IndexEntry.swift */ = {isa = PBXFileReference; lastKnownFileType = sourcecode.swift; path = IndexEntry.swift; sourceTree = "<group>"; };
		165F10C32AC8803C00442892 /* Result.swift */ = {isa = PBXFileReference; lastKnownFileType = sourcecode.swift; path = Result.swift; sourceTree = "<group>"; };
		165F10C52AC880DC00442892 /* DomainSection.swift */ = {isa = PBXFileReference; lastKnownFileType = sourcecode.swift; path = DomainSection.swift; sourceTree = "<group>"; };
		165F10C72AC8810D00442892 /* EngineState.swift */ = {isa = PBXFileReference; lastKnownFileType = sourcecode.swift; path = EngineState.swift; sourceTree = "<group>"; };
		1697539E2ACA350B00C2281D /* Snapshot.swift */ = {isa = PBXFileReference; lastKnownFileType = sourcecode.swift; path = Snapshot.swift; sourceTree = "<group>"; };
		16ACD37D2AF979BF00993099 /* Crawler.swift */ = {isa = PBXFileReference; lastKnownFileType = sourcecode.swift; path = Crawler.swift; sourceTree = "<group>"; };
		16B43D232AC7B05D00EB4815 /* README.md */ = {isa = PBXFileReference; fileEncoding = 4; lastKnownFileType = net.daringfireball.markdown; path = README.md; sourceTree = "<group>"; };
		16B43D242AC7B05D00EB4815 /* LICENSE */ = {isa = PBXFileReference; fileEncoding = 4; lastKnownFileType = text; path = LICENSE; sourceTree = "<group>"; };
		16B43D2B2AC8548200EB4815 /* UIImage+Extensions.swift */ = {isa = PBXFileReference; lastKnownFileType = sourcecode.swift; path = "UIImage+Extensions.swift"; sourceTree = "<group>"; };
		16B43D2D2AC8D8ED00EB4815 /* DomainState.swift */ = {isa = PBXFileReference; lastKnownFileType = sourcecode.swift; path = DomainState.swift; sourceTree = "<group>"; };
		16B67CEB2AD41FA400366266 /* Search.swift */ = {isa = PBXFileReference; lastKnownFileType = sourcecode.swift; path = Search.swift; sourceTree = "<group>"; };
		16B67CF12AD4227800366266 /* UserDefault.swift */ = {isa = PBXFileReference; lastKnownFileType = sourcecode.swift; path = UserDefault.swift; sourceTree = "<group>"; };
		16B67CF32AD4229400366266 /* Settings.swift */ = {isa = PBXFileReference; lastKnownFileType = sourcecode.swift; path = Settings.swift; sourceTree = "<group>"; };
		16B67CF52AD422D900366266 /* Log.swift */ = {isa = PBXFileReference; lastKnownFileType = sourcecode.swift; path = Log.swift; sourceTree = "<group>"; };
		16B67CF72AD422F300366266 /* Collection.swift */ = {isa = PBXFileReference; lastKnownFileType = sourcecode.swift; path = Collection.swift; sourceTree = "<group>"; };
		16BCEBDC2E3FE46F00E21E4B /* Admin.swift */ = {isa = PBXFileReference; lastKnownFileType = sourcecode.swift; path = Admin.swift; sourceTree = "<group>"; };
		16BCEBE02E3FE4A000E21E4B /* ModelStateFeedback.swift */ = {isa = PBXFileReference; lastKnownFileType = sourcecode.swift; path = ModelStateFeedback.swift; sourceTree = "<group>"; };
		16BCEBE22E3FE4B200E21E4B /* OverlayMessage.swift */ = {isa = PBXFileReference; lastKnownFileType = sourcecode.swift; path = OverlayMessage.swift; sourceTree = "<group>"; };
		16BCEBE42E3FE4C900E21E4B /* AdditionSection.swift */ = {isa = PBXFileReference; lastKnownFileType = sourcecode.swift; path = AdditionSection.swift; sourceTree = "<group>"; };
		16BCEBE62E3FE4DE00E21E4B /* StatusIcon.swift */ = {isa = PBXFileReference; lastKnownFileType = sourcecode.swift; path = StatusIcon.swift; sourceTree = "<group>"; };
		16BCEBE82E3FE4F500E21E4B /* SearchSection.swift */ = {isa = PBXFileReference; lastKnownFileType = sourcecode.swift; path = SearchSection.swift; sourceTree = "<group>"; };
		16BCEBEA2E3FE50A00E21E4B /* SearchResults.swift */ = {isa = PBXFileReference; lastKnownFileType = sourcecode.swift; path = SearchResults.swift; sourceTree = "<group>"; };
		16BCEBEC2E3FE51E00E21E4B /* DomainGrid.swift */ = {isa = PBXFileReference; lastKnownFileType = sourcecode.swift; path = DomainGrid.swift; sourceTree = "<group>"; };
		16BCEBEE2E3FE53300E21E4B /* DomainSectionHeader.swift */ = {isa = PBXFileReference; lastKnownFileType = sourcecode.swift; path = DomainSectionHeader.swift; sourceTree = "<group>"; };
		16BCEBF02E3FE54E00E21E4B /* FilterField.swift */ = {isa = PBXFileReference; lastKnownFileType = sourcecode.swift; path = FilterField.swift; sourceTree = "<group>"; };
		16BCEBF22E3FE56200E21E4B /* AdditionRow.swift */ = {isa = PBXFileReference; lastKnownFileType = sourcecode.swift; path = AdditionRow.swift; sourceTree = "<group>"; };
		16BCEBF42E3FE57800E21E4B /* ResultRow.swift */ = {isa = PBXFileReference; lastKnownFileType = sourcecode.swift; path = ResultRow.swift; sourceTree = "<group>"; };
		16BCEBF62E3FE58E00E21E4B /* DomainRow.swift */ = {isa = PBXFileReference; lastKnownFileType = sourcecode.swift; path = DomainRow.swift; sourceTree = "<group>"; };
		16BCEBF82E3FE5A200E21E4B /* Counter.swift */ = {isa = PBXFileReference; lastKnownFileType = sourcecode.swift; path = Counter.swift; sourceTree = "<group>"; };
		16BCEBFA2E3FE5B700E21E4B /* DomainContextMenu.swift */ = {isa = PBXFileReference; lastKnownFileType = sourcecode.swift; path = DomainContextMenu.swift; sourceTree = "<group>"; };
		16BCEBFC2E3FE5CA00E21E4B /* DomainTitle.swift */ = {isa = PBXFileReference; lastKnownFileType = sourcecode.swift; path = DomainTitle.swift; sourceTree = "<group>"; };
		16BCEBFE2E3FE5DD00E21E4B /* FooterText.swift */ = {isa = PBXFileReference; lastKnownFileType = sourcecode.swift; path = FooterText.swift; sourceTree = "<group>"; };
		16BCEC002E3FE65A00E21E4B /* Constants.swift */ = {isa = PBXFileReference; lastKnownFileType = sourcecode.swift; path = Constants.swift; sourceTree = "<group>"; };
		16BCEC022E3FE7E700E21E4B /* LogView.swift */ = {isa = PBXFileReference; lastKnownFileType = sourcecode.swift; path = LogView.swift; sourceTree = "<group>"; };
		16E3EF5A2AD0881D00CF9B80 /* HTTP.swift */ = {isa = PBXFileReference; lastKnownFileType = sourcecode.swift; path = HTTP.swift; sourceTree = "<group>"; };
		16E8A0E42AC1F96500CCB10D /* Bloo.app */ = {isa = PBXFileReference; explicitFileType = wrapper.application; includeInIndex = 0; path = Bloo.app; sourceTree = BUILT_PRODUCTS_DIR; };
		16E8A0E72AC1F96500CCB10D /* BlooApp.swift */ = {isa = PBXFileReference; lastKnownFileType = sourcecode.swift; path = BlooApp.swift; sourceTree = "<group>"; };
		16E8A0E92AC1F96500CCB10D /* ContentView.swift */ = {isa = PBXFileReference; lastKnownFileType = sourcecode.swift; path = ContentView.swift; sourceTree = "<group>"; };
		16E8A0EB2AC1F96600CCB10D /* Assets.xcassets */ = {isa = PBXFileReference; lastKnownFileType = folder.assetcatalog; path = Assets.xcassets; sourceTree = "<group>"; };
		16E8A0F02AC1F96600CCB10D /* Bloo.entitlements */ = {isa = PBXFileReference; lastKnownFileType = text.plist.entitlements; path = Bloo.entitlements; sourceTree = "<group>"; };
		16E8A0F92AC2161000CCB10D /* Info.plist */ = {isa = PBXFileReference; lastKnownFileType = text.plist; path = Info.plist; sourceTree = "<group>"; };
		16FD23392AC4867D00751A85 /* NSImage+Extensions.swift */ = {isa = PBXFileReference; lastKnownFileType = sourcecode.swift; path = "NSImage+Extensions.swift"; sourceTree = "<group>"; };
		16FD233B2AC5CD1600751A85 /* String+Extensions.swift */ = {isa = PBXFileReference; lastKnownFileType = sourcecode.swift; path = "String+Extensions.swift"; sourceTree = "<group>"; };
		16FD233D2AC5CD3600751A85 /* URL+Extensions.swift */ = {isa = PBXFileReference; lastKnownFileType = sourcecode.swift; path = "URL+Extensions.swift"; sourceTree = "<group>"; };
		16FD233F2AC5CD9600751A85 /* SwiftSoup+Extensions.swift */ = {isa = PBXFileReference; lastKnownFileType = sourcecode.swift; path = "SwiftSoup+Extensions.swift"; sourceTree = "<group>"; };
		16FDB0FE2ADB450B003A4BBD /* TableWrapper.swift */ = {isa = PBXFileReference; lastKnownFileType = sourcecode.swift; path = TableWrapper.swift; sourceTree = "<group>"; };
/* End PBXFileReference section */

/* Begin PBXFrameworksBuildPhase section */
		16E8A0E12AC1F96500CCB10D /* Frameworks */ = {
			isa = PBXFrameworksBuildPhase;
			buildActionMask = 2147483647;
			files = (
				16FD23382AC43D0F00751A85 /* PopTimer in Frameworks */,
				165091102C71132B0003BFAB /* CanProceed in Frameworks */,
				164418142C752A6700183EE1 /* Collections in Frameworks */,
				16BD524C2B27F87800529462 /* Lista in Frameworks */,
				16FD23352AC3A5A600751A85 /* Maintini in Frameworks */,
				16BD524F2B27F89000529462 /* Semalot in Frameworks */,
				164418172C752A8100183EE1 /* Algorithms in Frameworks */,
				1644180E2C752A2F00183EE1 /* SQLite in Frameworks */,
				16F8D1D92AE92E530005A01D /* HTMLString in Frameworks */,
				16E8A0F82AC1F9B500CCB10D /* SwiftSoup in Frameworks */,
			);
			runOnlyForDeploymentPostprocessing = 0;
		};
/* End PBXFrameworksBuildPhase section */

/* Begin PBXGroup section */
		16B43D282AC8439200EB4815 /* Frameworks */ = {
			isa = PBXGroup;
			children = (
			);
			name = Frameworks;
			sourceTree = "<group>";
		};
		16B67CED2AD4210900366266 /* Storage */ = {
			isa = PBXGroup;
			children = (
				16FDB0FE2ADB450B003A4BBD /* TableWrapper.swift */,
				1657AAC92AE4298500503669 /* DB.swift */,
				1697539E2ACA350B00C2281D /* Snapshot.swift */,
				1634CF942AC365800022A8F6 /* Storage.swift */,
			);
			path = Storage;
			sourceTree = "<group>";
		};
		16B67CEE2AD4212300366266 /* Search */ = {
			isa = PBXGroup;
			children = (
				163C45F32ACF610C00103BEA /* Engine.swift */,
				165F10C72AC8810D00442892 /* EngineState.swift */,
				165F10C32AC8803C00442892 /* Result.swift */,
				16B67CEB2AD41FA400366266 /* Search.swift */,
			);
			path = Search;
			sourceTree = "<group>";
		};
		16B67CEF2AD4224900366266 /* Domain */ = {
			isa = PBXGroup;
			children = (
				1634CF962AC365D90022A8F6 /* Domain.swift */,
				165F10C52AC880DC00442892 /* DomainSection.swift */,
				16B43D2D2AC8D8ED00EB4815 /* DomainState.swift */,
				16ACD37D2AF979BF00993099 /* Crawler.swift */,
			);
			path = Domain;
			sourceTree = "<group>";
		};
		16B67CF02AD4226200366266 /* Utils */ = {
			isa = PBXGroup;
			children = (
				163AE30B2CD6D85800AE6DA9 /* TrackingHeightModifier.swift */,
				16B67CF72AD422F300366266 /* Collection.swift */,
				1634CF9A2AC366D90022A8F6 /* Globals.swift */,
				16B67CF52AD422D900366266 /* Log.swift */,
				16FD23392AC4867D00751A85 /* NSImage+Extensions.swift */,
				16B67CF32AD4229400366266 /* Settings.swift */,
				16FD233B2AC5CD1600751A85 /* String+Extensions.swift */,
				16FD233F2AC5CD9600751A85 /* SwiftSoup+Extensions.swift */,
				16B43D2B2AC8548200EB4815 /* UIImage+Extensions.swift */,
				16FD233D2AC5CD3600751A85 /* URL+Extensions.swift */,
				16B67CF12AD4227800366266 /* UserDefault.swift */,
			);
			path = Utils;
			sourceTree = "<group>";
		};
		16BCEBDB2E3FE45A00E21E4B /* UI */ = {
			isa = PBXGroup;
			children = (
				16BCEC022E3FE7E700E21E4B /* LogView.swift */,
				16BCEBF22E3FE56200E21E4B /* AdditionRow.swift */,
				16BCEBE42E3FE4C900E21E4B /* AdditionSection.swift */,
				16BCEBDC2E3FE46F00E21E4B /* Admin.swift */,
				16BCEC002E3FE65A00E21E4B /* Constants.swift */,
				16E8A0E92AC1F96500CCB10D /* ContentView.swift */,
				16BCEBF82E3FE5A200E21E4B /* Counter.swift */,
				16BCEBFA2E3FE5B700E21E4B /* DomainContextMenu.swift */,
				16BCEBEC2E3FE51E00E21E4B /* DomainGrid.swift */,
				16BCEBF62E3FE58E00E21E4B /* DomainRow.swift */,
				16BCEBEE2E3FE53300E21E4B /* DomainSectionHeader.swift */,
				16BCEBFC2E3FE5CA00E21E4B /* DomainTitle.swift */,
				16BCEBF02E3FE54E00E21E4B /* FilterField.swift */,
				16BCEBFE2E3FE5DD00E21E4B /* FooterText.swift */,
				16BCEBE02E3FE4A000E21E4B /* ModelStateFeedback.swift */,
				16BCEBE22E3FE4B200E21E4B /* OverlayMessage.swift */,
				16BCEBF42E3FE57800E21E4B /* ResultRow.swift */,
				16BCEBEA2E3FE50A00E21E4B /* SearchResults.swift */,
				16BCEBE82E3FE4F500E21E4B /* SearchSection.swift */,
				16BCEBE62E3FE4DE00E21E4B /* StatusIcon.swift */,
			);
			path = UI;
			sourceTree = "<group>";
		};
		16E8A0DB2AC1F96500CCB10D = {
			isa = PBXGroup;
			children = (
				16B43D242AC7B05D00EB4815 /* LICENSE */,
				16B43D232AC7B05D00EB4815 /* README.md */,
				16E8A0E62AC1F96500CCB10D /* Bloo */,
				16E8A0E52AC1F96500CCB10D /* Products */,
				16B43D282AC8439200EB4815 /* Frameworks */,
			);
			sourceTree = "<group>";
		};
		16E8A0E52AC1F96500CCB10D /* Products */ = {
			isa = PBXGroup;
			children = (
				16E8A0E42AC1F96500CCB10D /* Bloo.app */,
			);
			name = Products;
			sourceTree = "<group>";
		};
		16E8A0E62AC1F96500CCB10D /* Bloo */ = {
			isa = PBXGroup;
			children = (
				16BCEBDB2E3FE45A00E21E4B /* UI */,
				165091112C7113DE0003BFAB /* RobotEditor.swift */,
				16E8A0F02AC1F96600CCB10D /* Bloo.entitlements */,
				16E8A0F92AC2161000CCB10D /* Info.plist */,
				16E8A0E72AC1F96500CCB10D /* BlooApp.swift */,
				1634CF9C2AC367760022A8F6 /* BlooCore.swift */,
				165F10C12AC8802400442892 /* IndexEntry.swift */,
				16E3EF5A2AD0881D00CF9B80 /* HTTP.swift */,
				165F10BF2AC87C4600442892 /* SitemapParser.swift */,
				16E8A0EB2AC1F96600CCB10D /* Assets.xcassets */,
				16B67CEF2AD4224900366266 /* Domain */,
				16B67CEE2AD4212300366266 /* Search */,
				16B67CED2AD4210900366266 /* Storage */,
				16B67CF02AD4226200366266 /* Utils */,
				161992652B038066006D911F /* Formatters.swift */,
				161992672B03DB97006D911F /* BlockList.swift */,
			);
			path = Bloo;
			sourceTree = "<group>";
		};
/* End PBXGroup section */

/* Begin PBXNativeTarget section */
		16E8A0E32AC1F96500CCB10D /* Bloo */ = {
			isa = PBXNativeTarget;
			buildConfigurationList = 16E8A0F32AC1F96600CCB10D /* Build configuration list for PBXNativeTarget "Bloo" */;
			buildPhases = (
				16E8A0E02AC1F96500CCB10D /* Sources */,
				16E8A0E12AC1F96500CCB10D /* Frameworks */,
				16E8A0E22AC1F96500CCB10D /* Resources */,
			);
			buildRules = (
			);
			dependencies = (
			);
			name = Bloo;
			packageProductDependencies = (
				16E8A0F72AC1F9B500CCB10D /* SwiftSoup */,
				16FD23342AC3A5A600751A85 /* Maintini */,
				16FD23372AC43D0F00751A85 /* PopTimer */,
				16F8D1D82AE92E530005A01D /* HTMLString */,
				16BD524B2B27F87800529462 /* Lista */,
				16BD524E2B27F89000529462 /* Semalot */,
				1650910F2C71132B0003BFAB /* CanProceed */,
				1644180D2C752A2F00183EE1 /* SQLite */,
				164418132C752A6700183EE1 /* Collections */,
				164418162C752A8100183EE1 /* Algorithms */,
			);
			productName = Nibbel;
			productReference = 16E8A0E42AC1F96500CCB10D /* Bloo.app */;
			productType = "com.apple.product-type.application";
		};
/* End PBXNativeTarget section */

/* Begin PBXProject section */
		16E8A0DC2AC1F96500CCB10D /* Project object */ = {
			isa = PBXProject;
			attributes = {
				BuildIndependentTargetsInParallel = 1;
				LastSwiftUpdateCheck = 1500;
				LastUpgradeCheck = 2600;
				TargetAttributes = {
					16E8A0E32AC1F96500CCB10D = {
						CreatedOnToolsVersion = 15.0;
						LastSwiftMigration = 1500;
					};
				};
			};
			buildConfigurationList = 16E8A0DF2AC1F96500CCB10D /* Build configuration list for PBXProject "Bloo" */;
			compatibilityVersion = "Xcode 14.0";
			developmentRegion = en;
			hasScannedForEncodings = 0;
			knownRegions = (
				en,
				Base,
			);
			mainGroup = 16E8A0DB2AC1F96500CCB10D;
			packageReferences = (
				16E8A0F62AC1F9B500CCB10D /* XCRemoteSwiftPackageReference "SwiftSoup" */,
				16FD23332AC3A5A600751A85 /* XCRemoteSwiftPackageReference "maintini" */,
				16FD23362AC43D0F00751A85 /* XCRemoteSwiftPackageReference "pop-timer" */,
				16F8D1D72AE92E530005A01D /* XCRemoteSwiftPackageReference "HTMLString" */,
				16BD524A2B27F87800529462 /* XCRemoteSwiftPackageReference "lista" */,
				16BD524D2B27F89000529462 /* XCRemoteSwiftPackageReference "semalot" */,
				1650910E2C71132B0003BFAB /* XCRemoteSwiftPackageReference "can-proceed" */,
				1644180C2C752A2F00183EE1 /* XCRemoteSwiftPackageReference "SQLite" */,
				164418122C752A6700183EE1 /* XCRemoteSwiftPackageReference "swift-collections" */,
				164418152C752A8100183EE1 /* XCRemoteSwiftPackageReference "swift-algorithms" */,
			);
			productRefGroup = 16E8A0E52AC1F96500CCB10D /* Products */;
			projectDirPath = "";
			projectRoot = "";
			targets = (
				16E8A0E32AC1F96500CCB10D /* Bloo */,
			);
		};
/* End PBXProject section */

/* Begin PBXResourcesBuildPhase section */
		16E8A0E22AC1F96500CCB10D /* Resources */ = {
			isa = PBXResourcesBuildPhase;
			buildActionMask = 2147483647;
			files = (
				16B43D262AC7B05D00EB4815 /* LICENSE in Resources */,
				16B43D252AC7B05D00EB4815 /* README.md in Resources */,
				16E8A0EC2AC1F96600CCB10D /* Assets.xcassets in Resources */,
			);
			runOnlyForDeploymentPostprocessing = 0;
		};
/* End PBXResourcesBuildPhase section */

/* Begin PBXSourcesBuildPhase section */
		16E8A0E02AC1F96500CCB10D /* Sources */ = {
			isa = PBXSourcesBuildPhase;
			buildActionMask = 2147483647;
			files = (
				16BCEBF92E3FE5A200E21E4B /* Counter.swift in Sources */,
				16FD233E2AC5CD3600751A85 /* URL+Extensions.swift in Sources */,
				16FD233C2AC5CD1600751A85 /* String+Extensions.swift in Sources */,
				16B43D2E2AC8D8ED00EB4815 /* DomainState.swift in Sources */,
				16BCEBFB2E3FE5B700E21E4B /* DomainContextMenu.swift in Sources */,
				16B67CF22AD4227800366266 /* UserDefault.swift in Sources */,
				16BCEBDD2E3FE46F00E21E4B /* Admin.swift in Sources */,
				163C45F42ACF610C00103BEA /* Engine.swift in Sources */,
				16BCEBE32E3FE4B200E21E4B /* OverlayMessage.swift in Sources */,
				16BCEBE12E3FE4A000E21E4B /* ModelStateFeedback.swift in Sources */,
				16BCEBF32E3FE56200E21E4B /* AdditionRow.swift in Sources */,
				16BCEBEF2E3FE53300E21E4B /* DomainSectionHeader.swift in Sources */,
				165F10C42AC8803C00442892 /* Result.swift in Sources */,
				165F10C82AC8810D00442892 /* EngineState.swift in Sources */,
				16ACD37E2AF979BF00993099 /* Crawler.swift in Sources */,
				16BCEBE92E3FE4F500E21E4B /* SearchSection.swift in Sources */,
				16B67CF62AD422D900366266 /* Log.swift in Sources */,
				165F10C02AC87C4600442892 /* SitemapParser.swift in Sources */,
				16FD233A2AC4867D00751A85 /* NSImage+Extensions.swift in Sources */,
				16FD23402AC5CD9600751A85 /* SwiftSoup+Extensions.swift in Sources */,
				16BCEBED2E3FE51E00E21E4B /* DomainGrid.swift in Sources */,
				165091122C7113E40003BFAB /* RobotEditor.swift in Sources */,
				16BCEBF52E3FE57800E21E4B /* ResultRow.swift in Sources */,
				1697539F2ACA350B00C2281D /* Snapshot.swift in Sources */,
				163AE30C2CD6D85A00AE6DA9 /* TrackingHeightModifier.swift in Sources */,
				16E3EF5B2AD0881D00CF9B80 /* HTTP.swift in Sources */,
				161992662B038066006D911F /* Formatters.swift in Sources */,
				16B67CEC2AD41FA400366266 /* Search.swift in Sources */,
				16BCEBEB2E3FE50A00E21E4B /* SearchResults.swift in Sources */,
				165F10C62AC880DC00442892 /* DomainSection.swift in Sources */,
				1634CF972AC365D90022A8F6 /* Domain.swift in Sources */,
				1634CF9B2AC366D90022A8F6 /* Globals.swift in Sources */,
				16BCEBF72E3FE58E00E21E4B /* DomainRow.swift in Sources */,
				16BCEC032E3FE7E700E21E4B /* LogView.swift in Sources */,
				16BCEBE72E3FE4DE00E21E4B /* StatusIcon.swift in Sources */,
				16BCEBF12E3FE54E00E21E4B /* FilterField.swift in Sources */,
				16BCEC012E3FE65A00E21E4B /* Constants.swift in Sources */,
				16E8A0EA2AC1F96500CCB10D /* ContentView.swift in Sources */,
				16B67CF82AD422F300366266 /* Collection.swift in Sources */,
				16B67CF42AD4229400366266 /* Settings.swift in Sources */,
				16BCEBE52E3FE4C900E21E4B /* AdditionSection.swift in Sources */,
				16E8A0E82AC1F96500CCB10D /* BlooApp.swift in Sources */,
				1657AACA2AE4298500503669 /* DB.swift in Sources */,
				16B43D2C2AC8548200EB4815 /* UIImage+Extensions.swift in Sources */,
				16BCEBFD2E3FE5CA00E21E4B /* DomainTitle.swift in Sources */,
				161992682B03DB97006D911F /* BlockList.swift in Sources */,
				1634CF952AC365800022A8F6 /* Storage.swift in Sources */,
				16FDB0FF2ADB450B003A4BBD /* TableWrapper.swift in Sources */,
				16BCEBFF2E3FE5DD00E21E4B /* FooterText.swift in Sources */,
				165F10C22AC8802400442892 /* IndexEntry.swift in Sources */,
				1634CF9D2AC367760022A8F6 /* BlooCore.swift in Sources */,
			);
			runOnlyForDeploymentPostprocessing = 0;
		};
/* End PBXSourcesBuildPhase section */

/* Begin XCBuildConfiguration section */
		16E8A0F12AC1F96600CCB10D /* Debug */ = {
			isa = XCBuildConfiguration;
			buildSettings = {
				ALWAYS_SEARCH_USER_PATHS = NO;
				ASSETCATALOG_COMPILER_GENERATE_SWIFT_ASSET_SYMBOL_EXTENSIONS = YES;
				CLANG_ANALYZER_NONNULL = YES;
				CLANG_ANALYZER_NUMBER_OBJECT_CONVERSION = YES_AGGRESSIVE;
				CLANG_CXX_LANGUAGE_STANDARD = "gnu++20";
				CLANG_ENABLE_MODULES = YES;
				CLANG_ENABLE_OBJC_ARC = YES;
				CLANG_ENABLE_OBJC_WEAK = YES;
				CLANG_WARN_BLOCK_CAPTURE_AUTORELEASING = YES;
				CLANG_WARN_BOOL_CONVERSION = YES;
				CLANG_WARN_COMMA = YES;
				CLANG_WARN_CONSTANT_CONVERSION = YES;
				CLANG_WARN_DEPRECATED_OBJC_IMPLEMENTATIONS = YES;
				CLANG_WARN_DIRECT_OBJC_ISA_USAGE = YES_ERROR;
				CLANG_WARN_DOCUMENTATION_COMMENTS = YES;
				CLANG_WARN_EMPTY_BODY = YES;
				CLANG_WARN_ENUM_CONVERSION = YES;
				CLANG_WARN_INFINITE_RECURSION = YES;
				CLANG_WARN_INT_CONVERSION = YES;
				CLANG_WARN_NON_LITERAL_NULL_CONVERSION = YES;
				CLANG_WARN_OBJC_IMPLICIT_RETAIN_SELF = YES;
				CLANG_WARN_OBJC_LITERAL_CONVERSION = YES;
				CLANG_WARN_OBJC_ROOT_CLASS = YES_ERROR;
				CLANG_WARN_QUOTED_INCLUDE_IN_FRAMEWORK_HEADER = YES;
				CLANG_WARN_RANGE_LOOP_ANALYSIS = YES;
				CLANG_WARN_STRICT_PROTOTYPES = YES;
				CLANG_WARN_SUSPICIOUS_MOVE = YES;
				CLANG_WARN_UNGUARDED_AVAILABILITY = YES_AGGRESSIVE;
				CLANG_WARN_UNREACHABLE_CODE = YES;
				CLANG_WARN__DUPLICATE_METHOD_MATCH = YES;
				COPY_PHASE_STRIP = NO;
				CURRENT_PROJECT_VERSION = 1;
				DEAD_CODE_STRIPPING = YES;
				DEBUG_INFORMATION_FORMAT = dwarf;
				DEVELOPMENT_TEAM = X727JSJUGJ;
				EAGER_LINKING = YES;
				ENABLE_STRICT_OBJC_MSGSEND = YES;
				ENABLE_TESTABILITY = YES;
				ENABLE_USER_SCRIPT_SANDBOXING = YES;
				GCC_C_LANGUAGE_STANDARD = gnu17;
				GCC_DYNAMIC_NO_PIC = NO;
				GCC_NO_COMMON_BLOCKS = YES;
				GCC_OPTIMIZATION_LEVEL = 0;
				GCC_PREPROCESSOR_DEFINITIONS = (
					"DEBUG=1",
					"$(inherited)",
				);
				GCC_WARN_64_TO_32_BIT_CONVERSION = YES;
				GCC_WARN_ABOUT_RETURN_TYPE = YES_ERROR;
				GCC_WARN_UNDECLARED_SELECTOR = YES;
				GCC_WARN_UNINITIALIZED_AUTOS = YES_AGGRESSIVE;
				GCC_WARN_UNUSED_FUNCTION = YES;
				GCC_WARN_UNUSED_VARIABLE = YES;
				IPHONEOS_DEPLOYMENT_TARGET = 17.0;
				LOCALIZATION_PREFERS_STRING_CATALOGS = YES;
				MACOSX_DEPLOYMENT_TARGET = 14.0;
				MARKETING_VERSION = 1.0;
				MTL_ENABLE_DEBUG_INFO = INCLUDE_SOURCE;
				MTL_FAST_MATH = YES;
				ONLY_ACTIVE_ARCH = YES;
				SDKROOT = macosx;
				STRING_CATALOG_GENERATE_SYMBOLS = YES;
				SWIFT_ACTIVE_COMPILATION_CONDITIONS = "DEBUG $(inherited)";
				SWIFT_APPROACHABLE_CONCURRENCY = YES;
				SWIFT_DEFAULT_ACTOR_ISOLATION = MainActor;
				SWIFT_OPTIMIZATION_LEVEL = "-Onone";
				SWIFT_STRICT_CONCURRENCY = complete;
				SWIFT_VERSION = 6.0;
				_EXPERIMENTAL_SWIFT_EXPLICIT_MODULES = YES;
			};
			name = Debug;
		};
		16E8A0F22AC1F96600CCB10D /* Release */ = {
			isa = XCBuildConfiguration;
			buildSettings = {
				ALWAYS_SEARCH_USER_PATHS = NO;
				ASSETCATALOG_COMPILER_GENERATE_SWIFT_ASSET_SYMBOL_EXTENSIONS = YES;
				ASSETCATALOG_COMPILER_OPTIMIZATION = time;
				CLANG_ANALYZER_NONNULL = YES;
				CLANG_ANALYZER_NUMBER_OBJECT_CONVERSION = YES_AGGRESSIVE;
				CLANG_CXX_LANGUAGE_STANDARD = "gnu++20";
				CLANG_ENABLE_MODULES = YES;
				CLANG_ENABLE_OBJC_ARC = YES;
				CLANG_ENABLE_OBJC_WEAK = YES;
				CLANG_WARN_BLOCK_CAPTURE_AUTORELEASING = YES;
				CLANG_WARN_BOOL_CONVERSION = YES;
				CLANG_WARN_COMMA = YES;
				CLANG_WARN_CONSTANT_CONVERSION = YES;
				CLANG_WARN_DEPRECATED_OBJC_IMPLEMENTATIONS = YES;
				CLANG_WARN_DIRECT_OBJC_ISA_USAGE = YES_ERROR;
				CLANG_WARN_DOCUMENTATION_COMMENTS = YES;
				CLANG_WARN_EMPTY_BODY = YES;
				CLANG_WARN_ENUM_CONVERSION = YES;
				CLANG_WARN_INFINITE_RECURSION = YES;
				CLANG_WARN_INT_CONVERSION = YES;
				CLANG_WARN_NON_LITERAL_NULL_CONVERSION = YES;
				CLANG_WARN_OBJC_IMPLICIT_RETAIN_SELF = YES;
				CLANG_WARN_OBJC_LITERAL_CONVERSION = YES;
				CLANG_WARN_OBJC_ROOT_CLASS = YES_ERROR;
				CLANG_WARN_QUOTED_INCLUDE_IN_FRAMEWORK_HEADER = YES;
				CLANG_WARN_RANGE_LOOP_ANALYSIS = YES;
				CLANG_WARN_STRICT_PROTOTYPES = YES;
				CLANG_WARN_SUSPICIOUS_MOVE = YES;
				CLANG_WARN_UNGUARDED_AVAILABILITY = YES_AGGRESSIVE;
				CLANG_WARN_UNREACHABLE_CODE = YES;
				CLANG_WARN__DUPLICATE_METHOD_MATCH = YES;
				COPY_PHASE_STRIP = NO;
				CURRENT_PROJECT_VERSION = 1;
				DEAD_CODE_STRIPPING = YES;
				DEBUG_INFORMATION_FORMAT = "dwarf-with-dsym";
				DEVELOPMENT_TEAM = X727JSJUGJ;
				EAGER_LINKING = YES;
				ENABLE_NS_ASSERTIONS = NO;
				ENABLE_STRICT_OBJC_MSGSEND = YES;
				ENABLE_USER_SCRIPT_SANDBOXING = YES;
				GCC_C_LANGUAGE_STANDARD = gnu17;
				GCC_NO_COMMON_BLOCKS = YES;
				GCC_OPTIMIZATION_LEVEL = fast;
				GCC_WARN_64_TO_32_BIT_CONVERSION = YES;
				GCC_WARN_ABOUT_RETURN_TYPE = YES_ERROR;
				GCC_WARN_UNDECLARED_SELECTOR = YES;
				GCC_WARN_UNINITIALIZED_AUTOS = YES_AGGRESSIVE;
				GCC_WARN_UNUSED_FUNCTION = YES;
				GCC_WARN_UNUSED_VARIABLE = YES;
				IPHONEOS_DEPLOYMENT_TARGET = 17.0;
				LLVM_LTO = YES;
				LOCALIZATION_PREFERS_STRING_CATALOGS = YES;
				MACOSX_DEPLOYMENT_TARGET = 14.0;
				MARKETING_VERSION = 1.0;
				MERGED_BINARY_TYPE = automatic;
				MTL_ENABLE_DEBUG_INFO = NO;
				MTL_FAST_MATH = YES;
				SDKROOT = macosx;
				STRING_CATALOG_GENERATE_SYMBOLS = YES;
				SWIFT_APPROACHABLE_CONCURRENCY = YES;
				SWIFT_COMPILATION_MODE = wholemodule;
				SWIFT_DEFAULT_ACTOR_ISOLATION = MainActor;
				SWIFT_DISABLE_SAFETY_CHECKS = YES;
				SWIFT_STRICT_CONCURRENCY = complete;
				SWIFT_VERSION = 6.0;
				_EXPERIMENTAL_SWIFT_EXPLICIT_MODULES = YES;
			};
			name = Release;
		};
		16E8A0F42AC1F96600CCB10D /* Debug */ = {
			isa = XCBuildConfiguration;
			buildSettings = {
				ASSETCATALOG_COMPILER_APPICON_NAME = AppIcon;
				ASSETCATALOG_COMPILER_GLOBAL_ACCENT_COLOR_NAME = AccentColor;
				ASSETCATALOG_COMPILER_INCLUDE_ALL_APPICON_ASSETS = YES;
				CODE_SIGN_ENTITLEMENTS = Bloo/Bloo.entitlements;
				CODE_SIGN_STYLE = Automatic;
				COMBINE_HIDPI_IMAGES = YES;
				DEAD_CODE_STRIPPING = YES;
				ENABLE_APP_SANDBOX = YES;
				ENABLE_HARDENED_RUNTIME = YES;
				ENABLE_OUTGOING_NETWORK_CONNECTIONS = YES;
				ENABLE_PREVIEWS = YES;
				ENABLE_USER_SELECTED_FILES = readonly;
				GENERATE_INFOPLIST_FILE = YES;
				INFOPLIST_FILE = Bloo/Info.plist;
				INFOPLIST_KEY_LSApplicationCategoryType = "public.app-category.productivity";
				INFOPLIST_KEY_NSHumanReadableCopyright = "(c) 2023 Paul Tsochantaris";
				INFOPLIST_KEY_UIStatusBarStyle = UIStatusBarStyleLightContent;
				INFOPLIST_KEY_UISupportedInterfaceOrientations = "UIInterfaceOrientationLandscapeLeft UIInterfaceOrientationLandscapeRight UIInterfaceOrientationPortrait UIInterfaceOrientationPortraitUpsideDown";
				IPHONEOS_DEPLOYMENT_TARGET = 26.0;
				LD_RUNPATH_SEARCH_PATHS = (
					"$(inherited)",
					"@executable_path/../Frameworks",
				);
				LIBRARY_SEARCH_PATHS = (
					"$(inherited)",
					"$(PROJECT_DIR)/Bloo",
				);
				MACOSX_DEPLOYMENT_TARGET = 15.6;
				PRODUCT_BUNDLE_IDENTIFIER = build.bru.bloo.app;
				PRODUCT_NAME = "$(TARGET_NAME)";
				SUPPORTED_PLATFORMS = "iphoneos iphonesimulator macosx";
				SUPPORTS_MACCATALYST = NO;
				SWIFT_EMIT_LOC_STRINGS = YES;
				TARGETED_DEVICE_FAMILY = "1,2";
			};
			name = Debug;
		};
		16E8A0F52AC1F96600CCB10D /* Release */ = {
			isa = XCBuildConfiguration;
			buildSettings = {
				ASSETCATALOG_COMPILER_APPICON_NAME = AppIcon;
				ASSETCATALOG_COMPILER_GLOBAL_ACCENT_COLOR_NAME = AccentColor;
				ASSETCATALOG_COMPILER_INCLUDE_ALL_APPICON_ASSETS = YES;
				CODE_SIGN_ENTITLEMENTS = Bloo/Bloo.entitlements;
				CODE_SIGN_STYLE = Automatic;
				COMBINE_HIDPI_IMAGES = YES;
				DEAD_CODE_STRIPPING = YES;
				ENABLE_APP_SANDBOX = YES;
				ENABLE_HARDENED_RUNTIME = YES;
				ENABLE_OUTGOING_NETWORK_CONNECTIONS = YES;
				ENABLE_PREVIEWS = YES;
				ENABLE_USER_SELECTED_FILES = readonly;
				GENERATE_INFOPLIST_FILE = YES;
				INFOPLIST_FILE = Bloo/Info.plist;
				INFOPLIST_KEY_LSApplicationCategoryType = "public.app-category.productivity";
				INFOPLIST_KEY_NSHumanReadableCopyright = "(c) 2023 Paul Tsochantaris";
				INFOPLIST_KEY_UIStatusBarStyle = UIStatusBarStyleLightContent;
				INFOPLIST_KEY_UISupportedInterfaceOrientations = "UIInterfaceOrientationLandscapeLeft UIInterfaceOrientationLandscapeRight UIInterfaceOrientationPortrait UIInterfaceOrientationPortraitUpsideDown";
				IPHONEOS_DEPLOYMENT_TARGET = 26.0;
				LD_RUNPATH_SEARCH_PATHS = (
					"$(inherited)",
					"@executable_path/../Frameworks",
				);
				LIBRARY_SEARCH_PATHS = (
					"$(inherited)",
					"$(PROJECT_DIR)/Bloo",
				);
				MACOSX_DEPLOYMENT_TARGET = 15.6;
				PRODUCT_BUNDLE_IDENTIFIER = build.bru.bloo.app;
				PRODUCT_NAME = "$(TARGET_NAME)";
				SUPPORTED_PLATFORMS = "iphoneos iphonesimulator macosx";
				SUPPORTS_MACCATALYST = NO;
				SWIFT_EMIT_LOC_STRINGS = YES;
				TARGETED_DEVICE_FAMILY = "1,2";
			};
			name = Release;
		};
/* End XCBuildConfiguration section */

/* Begin XCConfigurationList section */
		16E8A0DF2AC1F96500CCB10D /* Build configuration list for PBXProject "Bloo" */ = {
			isa = XCConfigurationList;
			buildConfigurations = (
				16E8A0F12AC1F96600CCB10D /* Debug */,
				16E8A0F22AC1F96600CCB10D /* Release */,
			);
			defaultConfigurationIsVisible = 0;
			defaultConfigurationName = Release;
		};
		16E8A0F32AC1F96600CCB10D /* Build configuration list for PBXNativeTarget "Bloo" */ = {
			isa = XCConfigurationList;
			buildConfigurations = (
				16E8A0F42AC1F96600CCB10D /* Debug */,
				16E8A0F52AC1F96600CCB10D /* Release */,
			);
			defaultConfigurationIsVisible = 0;
			defaultConfigurationName = Release;
		};
/* End XCConfigurationList section */

/* Begin XCRemoteSwiftPackageReference section */
		1644180C2C752A2F00183EE1 /* XCRemoteSwiftPackageReference "SQLite" */ = {
			isa = XCRemoteSwiftPackageReference;
			repositoryURL = "https://github.com/stephencelis/SQLite.swift";
			requirement = {
				kind = upToNextMajorVersion;
				minimumVersion = 0.15.0;
			};
		};
		164418122C752A6700183EE1 /* XCRemoteSwiftPackageReference "swift-collections" */ = {
			isa = XCRemoteSwiftPackageReference;
			repositoryURL = "https://github.com/apple/swift-collections.git";
			requirement = {
				kind = upToNextMajorVersion;
				minimumVersion = 1.0.0;
			};
		};
		164418152C752A8100183EE1 /* XCRemoteSwiftPackageReference "swift-algorithms" */ = {
			isa = XCRemoteSwiftPackageReference;
			repositoryURL = "https://github.com/apple/swift-algorithms.git";
			requirement = {
				kind = upToNextMajorVersion;
				minimumVersion = 1.0.0;
			};
		};
		1650910E2C71132B0003BFAB /* XCRemoteSwiftPackageReference "can-proceed" */ = {
			isa = XCRemoteSwiftPackageReference;
			repositoryURL = "https://github.com/ptsochantaris/can-proceed";
			requirement = {
				branch = main;
				kind = branch;
			};
		};
		16BD524A2B27F87800529462 /* XCRemoteSwiftPackageReference "lista" */ = {
			isa = XCRemoteSwiftPackageReference;
			repositoryURL = "https://github.com/ptsochantaris/lista";
			requirement = {
				branch = main;
				kind = branch;
			};
		};
		16BD524D2B27F89000529462 /* XCRemoteSwiftPackageReference "semalot" */ = {
			isa = XCRemoteSwiftPackageReference;
			repositoryURL = "https://github.com/ptsochantaris/semalot";
			requirement = {
				branch = main;
				kind = branch;
			};
		};
		16E8A0F62AC1F9B500CCB10D /* XCRemoteSwiftPackageReference "SwiftSoup" */ = {
			isa = XCRemoteSwiftPackageReference;
			repositoryURL = "https://github.com/scinfu/SwiftSoup";
			requirement = {
				kind = upToNextMajorVersion;
				minimumVersion = 2.0.0;
			};
		};
		16F8D1D72AE92E530005A01D /* XCRemoteSwiftPackageReference "HTMLString" */ = {
			isa = XCRemoteSwiftPackageReference;
			repositoryURL = "https://github.com/alexisakers/HTMLString";
			requirement = {
				kind = upToNextMajorVersion;
				minimumVersion = 6.0.0;
			};
		};
		16FD23332AC3A5A600751A85 /* XCRemoteSwiftPackageReference "maintini" */ = {
			isa = XCRemoteSwiftPackageReference;
			repositoryURL = "https://github.com/ptsochantaris/maintini";
			requirement = {
				branch = main;
				kind = branch;
			};
		};
		16FD23362AC43D0F00751A85 /* XCRemoteSwiftPackageReference "pop-timer" */ = {
			isa = XCRemoteSwiftPackageReference;
			repositoryURL = "https://github.com/ptsochantaris/pop-timer";
			requirement = {
				branch = main;
				kind = branch;
			};
		};
/* End XCRemoteSwiftPackageReference section */

/* Begin XCSwiftPackageProductDependency section */
		1644180D2C752A2F00183EE1 /* SQLite */ = {
			isa = XCSwiftPackageProductDependency;
			package = 1644180C2C752A2F00183EE1 /* XCRemoteSwiftPackageReference "SQLite" */;
			productName = SQLite;
		};
		164418132C752A6700183EE1 /* Collections */ = {
			isa = XCSwiftPackageProductDependency;
			package = 164418122C752A6700183EE1 /* XCRemoteSwiftPackageReference "swift-collections" */;
			productName = Collections;
		};
		164418162C752A8100183EE1 /* Algorithms */ = {
			isa = XCSwiftPackageProductDependency;
			package = 164418152C752A8100183EE1 /* XCRemoteSwiftPackageReference "swift-algorithms" */;
			productName = Algorithms;
		};
		1650910F2C71132B0003BFAB /* CanProceed */ = {
			isa = XCSwiftPackageProductDependency;
			package = 1650910E2C71132B0003BFAB /* XCRemoteSwiftPackageReference "can-proceed" */;
			productName = CanProceed;
		};
		16BD524B2B27F87800529462 /* Lista */ = {
			isa = XCSwiftPackageProductDependency;
			package = 16BD524A2B27F87800529462 /* XCRemoteSwiftPackageReference "lista" */;
			productName = Lista;
		};
		16BD524E2B27F89000529462 /* Semalot */ = {
			isa = XCSwiftPackageProductDependency;
			package = 16BD524D2B27F89000529462 /* XCRemoteSwiftPackageReference "semalot" */;
			productName = Semalot;
		};
		16E8A0F72AC1F9B500CCB10D /* SwiftSoup */ = {
			isa = XCSwiftPackageProductDependency;
			package = 16E8A0F62AC1F9B500CCB10D /* XCRemoteSwiftPackageReference "SwiftSoup" */;
			productName = SwiftSoup;
		};
		16F8D1D82AE92E530005A01D /* HTMLString */ = {
			isa = XCSwiftPackageProductDependency;
			package = 16F8D1D72AE92E530005A01D /* XCRemoteSwiftPackageReference "HTMLString" */;
			productName = HTMLString;
		};
		16FD23342AC3A5A600751A85 /* Maintini */ = {
			isa = XCSwiftPackageProductDependency;
			package = 16FD23332AC3A5A600751A85 /* XCRemoteSwiftPackageReference "maintini" */;
			productName = Maintini;
		};
		16FD23372AC43D0F00751A85 /* PopTimer */ = {
			isa = XCSwiftPackageProductDependency;
			package = 16FD23362AC43D0F00751A85 /* XCRemoteSwiftPackageReference "pop-timer" */;
			productName = PopTimer;
		};
/* End XCSwiftPackageProductDependency section */
	};
	rootObject = 16E8A0DC2AC1F96500CCB10D /* Project object */;
}
